PODS:
  - Device (3.1.0)
  - DeviceLayout (0.2.0):
    - Device (~> 3.1.0)
  - GSMessages (1.5.1)
  - IGListKit (3.4.0):
    - IGListKit/Default (= 3.4.0)
  - IGListKit/Default (3.4.0):
    - IGListKit/Diffing
  - IGListKit/Diffing (3.4.0)
  - Pastel (0.5.1)
  - ReactorKit (1.1.0):
    - RxSwift (>= 4.0.0)
  - RxCocoa (4.3.1):
    - RxSwift (~> 4.0)
  - RxExpect (1.1.0):
    - RxCocoa (>= 4.0.0)
    - RxSwift (>= 4.0.0)
    - RxTest (>= 4.0.0)
  - RxSwift (4.3.1)
  - RxTest (4.3.1):
    - RxSwift (~> 4.0)

DEPENDENCIES:
  - DeviceLayout (= 0.2.0)
  - GSMessages (= 1.5.1)
  - IGListKit (= 3.4.0)
  - Pastel (= 0.5.1)
  - ReactorKit (= 1.1.0)
  - RxCocoa (= 4.3.1)
  - RxExpect (= 1.1.0)
  - RxSwift (= 4.3.1)
  - RxTest (= 4.3.1)

SPEC REPOS:
  https://github.com/cocoapods/specs.git:
    - Device
    - DeviceLayout
    - GSMessages
    - IGListKit
    - Pastel
    - ReactorKit
    - RxCocoa
    - RxExpect
    - RxSwift
    - RxTest

SPEC CHECKSUMS:
  Device: 8a21a61f5f938a12dadd44d82287996081b6919b
  DeviceLayout: 82fc2c493d675301b3f8e93788a2e69525fe4c10
  GSMessages: 2e6893301ae99f59d72a6d8c920ad41be407216c
  IGListKit: 7a5d788e9fb746bcd402baa8e8b24bc3bd2a5a07
  Pastel: b3dd5b8d612dac06ae7c63c97c45c900829bc139
  ReactorKit: 26470a9eff5094fae909a30af0be7cd0cf8a182d
  RxCocoa: 78763c7b07d02455598d9fc3c1ad091a28b73635
  RxExpect: 618ecd84f07b644e9fb436e1a0ec39363caa22b2
  RxSwift: fe0fd770a43acdb7d0a53da411c9b892e69bb6e4
  RxTest: ea97a208826906f3904c0debdd09575ebcbfe216

PODFILE CHECKSUM: 0969869743c68128b6c4495698536fd25492109e

COCOAPODS: 1.5.3
